
Microsoft Visual Studio Solution File, Format Version 12.00
# Visual Studio Version 16
VisualStudioVersion = 16.0.31112.23
MinimumVisualStudioVersion = 10.0.40219.1
Project("{9A19103F-16F7-4668-BE54-9A1E7A4F7556}") = "CS04_Advanced", "CS04_Advanced\CS04_Advanced.csproj", "{A7C4B2A4-E67B-4EFD-8350-E3F755081B23}"
EndProject
Project("{FAE04EC0-301F-11D3-BF4B-00C04F79EFBC}") = "Lab1_Events", "Lab1_Events\Lab1_Events.csproj", "{9C1DD31E-6B67-43B2-9CA1-F13EFC462B27}"
EndProject
Project("{FAE04EC0-301F-11D3-BF4B-00C04F79EFBC}") = "Lab2_Lambdas", "Lab2_Lambdas\Lab2_Lambdas.csproj", "{4B856E3B-D504-47B1-80B7-C83E03B8B08D}"
EndProject
Project("{FAE04EC0-301F-11D3-BF4B-00C04F79EFBC}") = "Lab3_Extensions", "Lab3_Extensions\Lab3_Extensions.csproj", "{9602238B-C0C8-45D1-949C-FE50BD64D2EB}"
EndProject
Global
	GlobalSection(SolutionConfigurationPlatforms) = preSolution
		Debug|Any CPU = Debug|Any CPU
		Release|Any CPU = Release|Any CPU
	EndGlobalSection
	GlobalSection(ProjectConfigurationPlatforms) = postSolution
		{A7C4B2A4-E67B-4EFD-8350-E3F755081B23}.Debug|Any CPU.ActiveCfg = Debug|Any CPU
		{A7C4B2A4-E67B-4EFD-8350-E3F755081B23}.Debug|Any CPU.Build.0 = Debug|Any CPU
		{A7C4B2A4-E67B-4EFD-8350-E3F755081B23}.Release|Any CPU.ActiveCfg = Release|Any CPU
		{A7C4B2A4-E67B-4EFD-8350-E3F755081B23}.Release|Any CPU.Build.0 = Release|Any CPU
		{9C1DD31E-6B67-43B2-9CA1-F13EFC462B27}.Debug|Any CPU.ActiveCfg = Debug|Any CPU
		{9C1DD31E-6B67-43B2-9CA1-F13EFC462B27}.Debug|Any CPU.Build.0 = Debug|Any CPU
		{9C1DD31E-6B67-43B2-9CA1-F13EFC462B27}.Release|Any CPU.ActiveCfg = Release|Any CPU
		{9C1DD31E-6B67-43B2-9CA1-F13EFC462B27}.Release|Any CPU.Build.0 = Release|Any CPU
		{4B856E3B-D504-47B1-80B7-C83E03B8B08D}.Debug|Any CPU.ActiveCfg = Debug|Any CPU
		{4B856E3B-D504-47B1-80B7-C83E03B8B08D}.Debug|Any CPU.Build.0 = Debug|Any CPU
		{4B856E3B-D504-47B1-80B7-C83E03B8B08D}.Release|Any CPU.ActiveCfg = Release|Any CPU
		{4B856E3B-D504-47B1-80B7-C83E03B8B08D}.Release|Any CPU.Build.0 = Release|Any CPU
		{9602238B-C0C8-45D1-949C-FE50BD64D2EB}.Debug|Any CPU.ActiveCfg = Debug|Any CPU
		{9602238B-C0C8-45D1-949C-FE50BD64D2EB}.Debug|Any CPU.Build.0 = Debug|Any CPU
		{9602238B-C0C8-45D1-949C-FE50BD64D2EB}.Release|Any CPU.ActiveCfg = Release|Any CPU
		{9602238B-C0C8-45D1-949C-FE50BD64D2EB}.Release|Any CPU.Build.0 = Release|Any CPU
	EndGlobalSection
	GlobalSection(SolutionProperties) = preSolution
		HideSolutionNode = FALSE
	EndGlobalSection
	GlobalSection(ExtensibilityGlobals) = postSolution
		SolutionGuid = {E960C8F0-BE9A-447A-9C2D-12330EB31FB8}
	EndGlobalSection
EndGlobal
